
Microsoft Visual Studio Solution File, Format Version 12.00
# Visual Studio Version 17
VisualStudioVersion = 17.11.35327.3
MinimumVisualStudioVersion = 10.0.40219.1
Project("{FAE04EC0-301F-11D3-BF4B-00C04F79EFBC}") = "PadureanPaulaLab7", "PadureanPaulaLab7.csproj", "{689392EC-869C-4C8F-A8FE-5373599B2891}"
EndProject
Global
	GlobalSection(SolutionConfigurationPlatforms) = preSolution
		Debug|Any CPU = Debug|Any CPU
		Release|Any CPU = Release|Any CPU
	EndGlobalSection
	GlobalSection(ProjectConfigurationPlatforms) = postSolution
		{689392EC-869C-4C8F-A8FE-5373599B2891}.Debug|Any CPU.ActiveCfg = Debug|Any CPU
		{689392EC-869C-4C8F-A8FE-5373599B2891}.Debug|Any CPU.Build.0 = Debug|Any CPU
		{689392EC-869C-4C8F-A8FE-5373599B2891}.Debug|Any CPU.Deploy.0 = Debug|Any CPU
		{689392EC-869C-4C8F-A8FE-5373599B2891}.Release|Any CPU.ActiveCfg = Release|Any CPU
		{689392EC-869C-4C8F-A8FE-5373599B2891}.Release|Any CPU.Build.0 = Release|Any CPU
		{689392EC-869C-4C8F-A8FE-5373599B2891}.Release|Any CPU.Deploy.0 = Release|Any CPU
	EndGlobalSection
	GlobalSection(SolutionProperties) = preSolution
		HideSolutionNode = FALSE
	EndGlobalSection
	GlobalSection(ExtensibilityGlobals) = postSolution
		SolutionGuid = {A836D9E0-65C7-4354-B535-4E41FAB5AB57}
	EndGlobalSection
EndGlobal
